
Microsoft Visual Studio Solution File, Format Version 12.00
# Visual Studio Version 17
VisualStudioVersion = 17.7.34031.279
MinimumVisualStudioVersion = 10.0.40219.1
Project("{FAE04EC0-301F-11D3-BF4B-00C04F79EFBC}") = "RestfulBooker.Core", "RestfulBooker.Core\RestfulBooker.Core.csproj", "{06A5201F-6FC4-4BDA-BD34-151E59CE1E6F}"
EndProject
Project("{FAE04EC0-301F-11D3-BF4B-00C04F79EFBC}") = "RestfulBooker.Tests", "RestfulBooker.Tests\RestfulBooker.Tests.csproj", "{F3F93653-BEFF-4BE9-9C09-726CA1602318}"
EndProject
Global
	GlobalSection(SolutionConfigurationPlatforms) = preSolution
		Debug|Any CPU = Debug|Any CPU
		Release|Any CPU = Release|Any CPU
	EndGlobalSection
	GlobalSection(ProjectConfigurationPlatforms) = postSolution
		{06A5201F-6FC4-4BDA-BD34-151E59CE1E6F}.Debug|Any CPU.ActiveCfg = Debug|Any CPU
		{06A5201F-6FC4-4BDA-BD34-151E59CE1E6F}.Debug|Any CPU.Build.0 = Debug|Any CPU
		{06A5201F-6FC4-4BDA-BD34-151E59CE1E6F}.Release|Any CPU.ActiveCfg = Release|Any CPU
		{06A5201F-6FC4-4BDA-BD34-151E59CE1E6F}.Release|Any CPU.Build.0 = Release|Any CPU
		{F3F93653-BEFF-4BE9-9C09-726CA1602318}.Debug|Any CPU.ActiveCfg = Debug|Any CPU
		{F3F93653-BEFF-4BE9-9C09-726CA1602318}.Debug|Any CPU.Build.0 = Debug|Any CPU
		{F3F93653-BEFF-4BE9-9C09-726CA1602318}.Release|Any CPU.ActiveCfg = Release|Any CPU
		{F3F93653-BEFF-4BE9-9C09-726CA1602318}.Release|Any CPU.Build.0 = Release|Any CPU
	EndGlobalSection
	GlobalSection(SolutionProperties) = preSolution
		HideSolutionNode = FALSE
	EndGlobalSection
	GlobalSection(ExtensibilityGlobals) = postSolution
		SolutionGuid = {839FC0E7-CE9E-4C38-A763-A12D03AE2E69}
	EndGlobalSection
EndGlobal
